
Microsoft Visual Studio Solution File, Format Version 12.00
# Visual Studio Version 17
VisualStudioVersion = 17.9.34701.34
MinimumVisualStudioVersion = 10.0.40219.1
Project("{FAE04EC0-301F-11D3-BF4B-00C04F79EFBC}") = "Mikroserwisy.Patient", "Mikroserwisy.Patient\Mikroserwisy.Patient.csproj", "{C9E154CD-96AE-4398-84CB-745128E6C9E8}"
EndProject
Project("{FAE04EC0-301F-11D3-BF4B-00C04F79EFBC}") = "Mikroserwisy.Doctor", "Mikroserwisy.Doctor\Mikroserwisy.Doctor.csproj", "{14F7A02F-BF0F-4F6D-B1C5-3B483CFDDFC8}"
EndProject
Global
	GlobalSection(SolutionConfigurationPlatforms) = preSolution
		Debug|Any CPU = Debug|Any CPU
		Release|Any CPU = Release|Any CPU
	EndGlobalSection
	GlobalSection(ProjectConfigurationPlatforms) = postSolution
		{C9E154CD-96AE-4398-84CB-745128E6C9E8}.Debug|Any CPU.ActiveCfg = Debug|Any CPU
		{C9E154CD-96AE-4398-84CB-745128E6C9E8}.Debug|Any CPU.Build.0 = Debug|Any CPU
		{C9E154CD-96AE-4398-84CB-745128E6C9E8}.Release|Any CPU.ActiveCfg = Release|Any CPU
		{C9E154CD-96AE-4398-84CB-745128E6C9E8}.Release|Any CPU.Build.0 = Release|Any CPU
		{14F7A02F-BF0F-4F6D-B1C5-3B483CFDDFC8}.Debug|Any CPU.ActiveCfg = Debug|Any CPU
		{14F7A02F-BF0F-4F6D-B1C5-3B483CFDDFC8}.Debug|Any CPU.Build.0 = Debug|Any CPU
		{14F7A02F-BF0F-4F6D-B1C5-3B483CFDDFC8}.Release|Any CPU.ActiveCfg = Release|Any CPU
		{14F7A02F-BF0F-4F6D-B1C5-3B483CFDDFC8}.Release|Any CPU.Build.0 = Release|Any CPU
	EndGlobalSection
	GlobalSection(SolutionProperties) = preSolution
		HideSolutionNode = FALSE
	EndGlobalSection
	GlobalSection(ExtensibilityGlobals) = postSolution
		SolutionGuid = {0DBEDDDA-4C70-40B8-A48D-8C6A4E6AD844}
	EndGlobalSection
EndGlobal
